
Microsoft Visual Studio Solution File, Format Version 12.00
# Visual Studio Version 17
VisualStudioVersion = 17.9.34714.143
MinimumVisualStudioVersion = 10.0.40219.1
Project("{FAE04EC0-301F-11D3-BF4B-00C04F79EFBC}") = "polymorfism", "polymorfism.csproj", "{AA27A7AF-9ED8-4665-AB4D-71E8A43275CC}"
EndProject
Global
	GlobalSection(SolutionConfigurationPlatforms) = preSolution
		Debug|Any CPU = Debug|Any CPU
		Release|Any CPU = Release|Any CPU
	EndGlobalSection
	GlobalSection(ProjectConfigurationPlatforms) = postSolution
		{AA27A7AF-9ED8-4665-AB4D-71E8A43275CC}.Debug|Any CPU.ActiveCfg = Debug|Any CPU
		{AA27A7AF-9ED8-4665-AB4D-71E8A43275CC}.Debug|Any CPU.Build.0 = Debug|Any CPU
		{AA27A7AF-9ED8-4665-AB4D-71E8A43275CC}.Release|Any CPU.ActiveCfg = Release|Any CPU
		{AA27A7AF-9ED8-4665-AB4D-71E8A43275CC}.Release|Any CPU.Build.0 = Release|Any CPU
	EndGlobalSection
	GlobalSection(SolutionProperties) = preSolution
		HideSolutionNode = FALSE
	EndGlobalSection
	GlobalSection(ExtensibilityGlobals) = postSolution
		SolutionGuid = {421C270B-79B4-4D79-81A7-2CAFDDCF8BF7}
	EndGlobalSection
EndGlobal
